# This file is automatically @generated by Cargo.
# It is not intended for manual editing.
version = 3

[[package]]
name = "base"
version = "0.1.0"

[[package]]
name = "brainfuck"
version = "0.1.0"
dependencies = [
 "base",
 "ir",
 "llvm",
]

[[package]]
name = "ir"
version = "0.1.0"

[[package]]
name = "llvm"
version = "0.1.0"
